
Microsoft Visual Studio Solution File, Format Version 12.00
# Visual Studio Version 16
VisualStudioVersion = 16.0.30804.86
MinimumVisualStudioVersion = 10.0.40219.1
Project("{FAE04EC0-301F-11D3-BF4B-00C04F79EFBC}") = "CherokeeStudyTool", "CherokeeStudyTool.csproj", "{8256F324-47EC-411A-B75B-689E942B205A}"
EndProject
Global
	GlobalSection(SolutionConfigurationPlatforms) = preSolution
		Debug|Any CPU = Debug|Any CPU
		Release|Any CPU = Release|Any CPU
	EndGlobalSection
	GlobalSection(ProjectConfigurationPlatforms) = postSolution
		{8256F324-47EC-411A-B75B-689E942B205A}.Debug|Any CPU.ActiveCfg = Debug|Any CPU
		{8256F324-47EC-411A-B75B-689E942B205A}.Debug|Any CPU.Build.0 = Debug|Any CPU
		{8256F324-47EC-411A-B75B-689E942B205A}.Release|Any CPU.ActiveCfg = Release|Any CPU
		{8256F324-47EC-411A-B75B-689E942B205A}.Release|Any CPU.Build.0 = Release|Any CPU
	EndGlobalSection
	GlobalSection(SolutionProperties) = preSolution
		HideSolutionNode = FALSE
	EndGlobalSection
	GlobalSection(ExtensibilityGlobals) = postSolution
		SolutionGuid = {BD2B1DA5-F2DD-44D8-8255-637F73B94574}
	EndGlobalSection
EndGlobal
